github.com/google/uuid v1.3.0 h1:t6JiXgmwXMjEs8VusXIJk2BXHsn+wx8BZdTaoZ5fu7I=
github.com/google/uuid v1.3.0/go.mod h1:TIyPZe4MgqvfeYDBFedMoGGpEw/LqOeaOT+nhxU+yHo=
github.com/maxence-charriere/go-app/v9 v9.7.3 h1:gDlROy31hAUg6SoOcD9joIKApL3AE5pWIEyEMTLgagQ=
github.com/maxence-charriere/go-app/v9 v9.7.3/go.mod h1:gzgFoeaDuoNHw9MbJraTCKIoKtZ/SoIfOIHHn2FOffc=
